
Microsoft Visual Studio Solution File, Format Version 12.00
# Visual Studio Version 16
VisualStudioVersion = 16.0.810.20
MinimumVisualStudioVersion = 10.0.40219.1
Project("{FAE04EC0-301F-11D3-BF4B-00C04F79EFBC}") = "LeetCode", "LeetCode\LeetCode.csproj", "{165E58A3-8FBE-4BCD-B268-95FEE0E4FBC3}"
EndProject
Global
	GlobalSection(SolutionConfigurationPlatforms) = preSolution
		Debug|Any CPU = Debug|Any CPU
		Release|Any CPU = Release|Any CPU
	EndGlobalSection
	GlobalSection(ProjectConfigurationPlatforms) = postSolution
		{165E58A3-8FBE-4BCD-B268-95FEE0E4FBC3}.Debug|Any CPU.ActiveCfg = Debug|Any CPU
		{165E58A3-8FBE-4BCD-B268-95FEE0E4FBC3}.Debug|Any CPU.Build.0 = Debug|Any CPU
		{165E58A3-8FBE-4BCD-B268-95FEE0E4FBC3}.Release|Any CPU.ActiveCfg = Release|Any CPU
		{165E58A3-8FBE-4BCD-B268-95FEE0E4FBC3}.Release|Any CPU.Build.0 = Release|Any CPU
	EndGlobalSection
	GlobalSection(SolutionProperties) = preSolution
		HideSolutionNode = FALSE
	EndGlobalSection
	GlobalSection(ExtensibilityGlobals) = postSolution
		SolutionGuid = {0F0E64B7-D18B-4C1A-A835-B5274440340D}
	EndGlobalSection
EndGlobal
